// !$*UTF8*$!
{
	archiveVersion = 1;
	classes = {
	};
	objectVersion = 56;
	objects = {

/* Begin PBXBuildFile section */
		D416AC312A731BD100372D7E /* AppDelegate.swift in Sources */ = {isa = PBXBuildFile; fileRef = D416AC302A731BD100372D7E /* AppDelegate.swift */; };
		D416AC3A2A731BD200372D7E /* Assets.xcassets in Resources */ = {isa = PBXBuildFile; fileRef = D416AC392A731BD200372D7E /* Assets.xcassets */; };
		D416AC3D2A731BD200372D7E /* LaunchScreen.storyboard in Resources */ = {isa = PBXBuildFile; fileRef = D416AC3B2A731BD200372D7E /* LaunchScreen.storyboard */; };
		D416AC862A73213A00372D7E /* NetworkClient.swift in Sources */ = {isa = PBXBuildFile; fileRef = D416AC802A73213900372D7E /* NetworkClient.swift */; };
		D416AC872A73213A00372D7E /* AsyncCacheHandling.swift in Sources */ = {isa = PBXBuildFile; fileRef = D416AC822A73213900372D7E /* AsyncCacheHandling.swift */; };
		D416AC882A73213A00372D7E /* ExpirableFileDataStore.swift in Sources */ = {isa = PBXBuildFile; fileRef = D416AC832A73213900372D7E /* ExpirableFileDataStore.swift */; };
		D416AC892A73213A00372D7E /* FileDataStore.swift in Sources */ = {isa = PBXBuildFile; fileRef = D416AC842A73213900372D7E /* FileDataStore.swift */; };
		D416AC8A2A73213A00372D7E /* Endpoint.swift in Sources */ = {isa = PBXBuildFile; fileRef = D416AC852A73213900372D7E /* Endpoint.swift */; };
		D416ACAA2A73214400372D7E /* Engine.swift in Sources */ = {isa = PBXBuildFile; fileRef = D416AC8C2A73214400372D7E /* Engine.swift */; };
		D416ACAB2A73214400372D7E /* EngineConfiguration.swift in Sources */ = {isa = PBXBuildFile; fileRef = D416AC8D2A73214400372D7E /* EngineConfiguration.swift */; };
		D416ACAD2A73214400372D7E /* Logger.swift in Sources */ = {isa = PBXBuildFile; fileRef = D416AC902A73214400372D7E /* Logger.swift */; };
		D416ACAE2A73214400372D7E /* URLRequest+Extensions.swift in Sources */ = {isa = PBXBuildFile; fileRef = D416AC922A73214400372D7E /* URLRequest+Extensions.swift */; };
		D416ACAF2A73214400372D7E /* JSONDecoder+Extensions.swift in Sources */ = {isa = PBXBuildFile; fileRef = D416AC932A73214400372D7E /* JSONDecoder+Extensions.swift */; };
		D416ACB02A73214400372D7E /* Formatters+Extensions.swift in Sources */ = {isa = PBXBuildFile; fileRef = D416AC942A73214400372D7E /* Formatters+Extensions.swift */; };
		D416ACB12A73214400372D7E /* TimeInterval+Extensions.swift in Sources */ = {isa = PBXBuildFile; fileRef = D416AC952A73214400372D7E /* TimeInterval+Extensions.swift */; };
		D416ACB42A73214400372D7E /* Data+Extensions.swift in Sources */ = {isa = PBXBuildFile; fileRef = D416AC982A73214400372D7E /* Data+Extensions.swift */; };
		D416ACB62A73214400372D7E /* Debouncer.swift in Sources */ = {isa = PBXBuildFile; fileRef = D416AC9A2A73214400372D7E /* Debouncer.swift */; };
		D416ACB82A73214400372D7E /* LeagueService.swift in Sources */ = {isa = PBXBuildFile; fileRef = D416AC9D2A73214400372D7E /* LeagueService.swift */; };
		D416ACB92A73214400372D7E /* LeagueEndpoints.swift in Sources */ = {isa = PBXBuildFile; fileRef = D416ACA02A73214400372D7E /* LeagueEndpoints.swift */; };
		D416ACBB2A73214400372D7E /* APIError.swift in Sources */ = {isa = PBXBuildFile; fileRef = D416ACA32A73214400372D7E /* APIError.swift */; };
		D416ACC22A73233D00372D7E /* League.swift in Sources */ = {isa = PBXBuildFile; fileRef = D416ACC12A73233D00372D7E /* League.swift */; };
		D416ACC42A73237500372D7E /* Team.swift in Sources */ = {isa = PBXBuildFile; fileRef = D416ACC32A73237500372D7E /* Team.swift */; };
		D416ACC72A7324DA00372D7E /* AllLeaguesResponse.swift in Sources */ = {isa = PBXBuildFile; fileRef = D416ACC62A7324DA00372D7E /* AllLeaguesResponse.swift */; };
		D416ACCB2A7325E100372D7E /* LeagueSearchViewController.swift in Sources */ = {isa = PBXBuildFile; fileRef = D416ACC92A7325E100372D7E /* LeagueSearchViewController.swift */; };
		D416ACCC2A7325E100372D7E /* LeagueSearchViewController.xib in Resources */ = {isa = PBXBuildFile; fileRef = D416ACCA2A7325E100372D7E /* LeagueSearchViewController.xib */; };
		D416ACCF2A73262100372D7E /* EnginedViewController.swift in Sources */ = {isa = PBXBuildFile; fileRef = D416ACCE2A73262100372D7E /* EnginedViewController.swift */; };
		D416ACD32A73272800372D7E /* LeagueSearchViewModel.swift in Sources */ = {isa = PBXBuildFile; fileRef = D416ACD22A73272800372D7E /* LeagueSearchViewModel.swift */; };
		D416ACD72A732EC800372D7E /* LeagueViewController.swift in Sources */ = {isa = PBXBuildFile; fileRef = D416ACD52A732EC800372D7E /* LeagueViewController.swift */; };
		D416ACD82A732EC800372D7E /* LeagueViewController.xib in Resources */ = {isa = PBXBuildFile; fileRef = D416ACD62A732EC800372D7E /* LeagueViewController.xib */; };
		D416ACDB2A732F5000372D7E /* LeagueViewModel.swift in Sources */ = {isa = PBXBuildFile; fileRef = D416ACDA2A732F5000372D7E /* LeagueViewModel.swift */; };
		D416ACDD2A73300F00372D7E /* TeamEndpoints.swift in Sources */ = {isa = PBXBuildFile; fileRef = D416ACDC2A73300F00372D7E /* TeamEndpoints.swift */; };
		D416ACDF2A73308900372D7E /* TeamService.swift in Sources */ = {isa = PBXBuildFile; fileRef = D416ACDE2A73308900372D7E /* TeamService.swift */; };
		D416ACE12A7331F000372D7E /* TeamsResponse.swift in Sources */ = {isa = PBXBuildFile; fileRef = D416ACE02A7331F000372D7E /* TeamsResponse.swift */; };
		D416ACE52A7333E400372D7E /* TeamCollectionViewCell.swift in Sources */ = {isa = PBXBuildFile; fileRef = D416ACE32A7333E400372D7E /* TeamCollectionViewCell.swift */; };
		D416ACE62A7333E400372D7E /* TeamCollectionViewCell.xib in Resources */ = {isa = PBXBuildFile; fileRef = D416ACE42A7333E400372D7E /* TeamCollectionViewCell.xib */; };
		D416ACE92A73345200372D7E /* Kingfisher in Frameworks */ = {isa = PBXBuildFile; productRef = D416ACE82A73345200372D7E /* Kingfisher */; };
		D416ACEC2A73FE2C00372D7E /* LoadingHUD.swift in Sources */ = {isa = PBXBuildFile; fileRef = D416ACEB2A73FE2C00372D7E /* LoadingHUD.swift */; };
		D416ACEF2A73FE5700372D7E /* LoadingView.swift in Sources */ = {isa = PBXBuildFile; fileRef = D416ACEE2A73FE5700372D7E /* LoadingView.swift */; };
		D416ACF22A73FE6E00372D7E /* ActivityIndicatorView in Frameworks */ = {isa = PBXBuildFile; productRef = D416ACF12A73FE6E00372D7E /* ActivityIndicatorView */; };
		D416ACF42A73FEA100372D7E /* With.swift in Sources */ = {isa = PBXBuildFile; fileRef = D416ACF32A73FEA100372D7E /* With.swift */; };
		D416ACF62A73FEC600372D7E /* UIView+Extensions.swift in Sources */ = {isa = PBXBuildFile; fileRef = D416ACF52A73FEC600372D7E /* UIView+Extensions.swift */; };
		D416ACF82A73FF0700372D7E /* StyleSheet.swift in Sources */ = {isa = PBXBuildFile; fileRef = D416ACF72A73FF0700372D7E /* StyleSheet.swift */; };
		D416ACFB2A73FF9200372D7E /* Colors.swift in Sources */ = {isa = PBXBuildFile; fileRef = D416ACFA2A73FF9200372D7E /* Colors.swift */; };
		D416ACFF2A752A1C00372D7E /* LeagueServiceTests.swift in Sources */ = {isa = PBXBuildFile; fileRef = D416ACFE2A752A1C00372D7E /* LeagueServiceTests.swift */; };
		D416AD012A758E4500372D7E /* TeamServiceTests.swift in Sources */ = {isa = PBXBuildFile; fileRef = D416AD002A758E4500372D7E /* TeamServiceTests.swift */; };
		D416AD052A75962000372D7E /* LeagueViewModelTests.swift in Sources */ = {isa = PBXBuildFile; fileRef = D416AD042A75962000372D7E /* LeagueViewModelTests.swift */; };
/* End PBXBuildFile section */

/* Begin PBXContainerItemProxy section */
		D416AC442A731BD200372D7E /* PBXContainerItemProxy */ = {
			isa = PBXContainerItemProxy;
			containerPortal = D416AC252A731BD100372D7E /* Project object */;
			proxyType = 1;
			remoteGlobalIDString = D416AC2C2A731BD100372D7E;
			remoteInfo = MyLeagues;
		};
/* End PBXContainerItemProxy section */

/* Begin PBXFileReference section */
		D416AC2D2A731BD100372D7E /* MyLeagues.app */ = {isa = PBXFileReference; explicitFileType = wrapper.application; includeInIndex = 0; path = MyLeagues.app; sourceTree = BUILT_PRODUCTS_DIR; };
		D416AC302A731BD100372D7E /* AppDelegate.swift */ = {isa = PBXFileReference; lastKnownFileType = sourcecode.swift; path = AppDelegate.swift; sourceTree = "<group>"; };
		D416AC392A731BD200372D7E /* Assets.xcassets */ = {isa = PBXFileReference; lastKnownFileType = folder.assetcatalog; path = Assets.xcassets; sourceTree = "<group>"; };
		D416AC3C2A731BD200372D7E /* Base */ = {isa = PBXFileReference; lastKnownFileType = file.storyboard; name = Base; path = Base.lproj/LaunchScreen.storyboard; sourceTree = "<group>"; };
		D416AC3E2A731BD200372D7E /* Info.plist */ = {isa = PBXFileReference; lastKnownFileType = text.plist.xml; path = Info.plist; sourceTree = "<group>"; };
		D416AC432A731BD200372D7E /* MyLeaguesTests.xctest */ = {isa = PBXFileReference; explicitFileType = wrapper.cfbundle; includeInIndex = 0; path = MyLeaguesTests.xctest; sourceTree = BUILT_PRODUCTS_DIR; };
		D416AC802A73213900372D7E /* NetworkClient.swift */ = {isa = PBXFileReference; fileEncoding = 4; lastKnownFileType = sourcecode.swift; path = NetworkClient.swift; sourceTree = "<group>"; };
		D416AC822A73213900372D7E /* AsyncCacheHandling.swift */ = {isa = PBXFileReference; fileEncoding = 4; lastKnownFileType = sourcecode.swift; path = AsyncCacheHandling.swift; sourceTree = "<group>"; };
		D416AC832A73213900372D7E /* ExpirableFileDataStore.swift */ = {isa = PBXFileReference; fileEncoding = 4; lastKnownFileType = sourcecode.swift; path = ExpirableFileDataStore.swift; sourceTree = "<group>"; };
		D416AC842A73213900372D7E /* FileDataStore.swift */ = {isa = PBXFileReference; fileEncoding = 4; lastKnownFileType = sourcecode.swift; path = FileDataStore.swift; sourceTree = "<group>"; };
		D416AC852A73213900372D7E /* Endpoint.swift */ = {isa = PBXFileReference; fileEncoding = 4; lastKnownFileType = sourcecode.swift; path = Endpoint.swift; sourceTree = "<group>"; };
		D416AC8C2A73214400372D7E /* Engine.swift */ = {isa = PBXFileReference; fileEncoding = 4; lastKnownFileType = sourcecode.swift; path = Engine.swift; sourceTree = "<group>"; };
		D416AC8D2A73214400372D7E /* EngineConfiguration.swift */ = {isa = PBXFileReference; fileEncoding = 4; lastKnownFileType = sourcecode.swift; path = EngineConfiguration.swift; sourceTree = "<group>"; };
		D416AC902A73214400372D7E /* Logger.swift */ = {isa = PBXFileReference; fileEncoding = 4; lastKnownFileType = sourcecode.swift; path = Logger.swift; sourceTree = "<group>"; };
		D416AC922A73214400372D7E /* URLRequest+Extensions.swift */ = {isa = PBXFileReference; fileEncoding = 4; lastKnownFileType = sourcecode.swift; path = "URLRequest+Extensions.swift"; sourceTree = "<group>"; };
		D416AC932A73214400372D7E /* JSONDecoder+Extensions.swift */ = {isa = PBXFileReference; fileEncoding = 4; lastKnownFileType = sourcecode.swift; path = "JSONDecoder+Extensions.swift"; sourceTree = "<group>"; };
		D416AC942A73214400372D7E /* Formatters+Extensions.swift */ = {isa = PBXFileReference; fileEncoding = 4; lastKnownFileType = sourcecode.swift; path = "Formatters+Extensions.swift"; sourceTree = "<group>"; };
		D416AC952A73214400372D7E /* TimeInterval+Extensions.swift */ = {isa = PBXFileReference; fileEncoding = 4; lastKnownFileType = sourcecode.swift; path = "TimeInterval+Extensions.swift"; sourceTree = "<group>"; };
		D416AC982A73214400372D7E /* Data+Extensions.swift */ = {isa = PBXFileReference; fileEncoding = 4; lastKnownFileType = sourcecode.swift; path = "Data+Extensions.swift"; sourceTree = "<group>"; };
		D416AC9A2A73214400372D7E /* Debouncer.swift */ = {isa = PBXFileReference; fileEncoding = 4; lastKnownFileType = sourcecode.swift; path = Debouncer.swift; sourceTree = "<group>"; };
		D416AC9D2A73214400372D7E /* LeagueService.swift */ = {isa = PBXFileReference; fileEncoding = 4; lastKnownFileType = sourcecode.swift; path = LeagueService.swift; sourceTree = "<group>"; };
		D416ACA02A73214400372D7E /* LeagueEndpoints.swift */ = {isa = PBXFileReference; fileEncoding = 4; lastKnownFileType = sourcecode.swift; path = LeagueEndpoints.swift; sourceTree = "<group>"; };
		D416ACA32A73214400372D7E /* APIError.swift */ = {isa = PBXFileReference; fileEncoding = 4; lastKnownFileType = sourcecode.swift; path = APIError.swift; sourceTree = "<group>"; };
		D416ACC12A73233D00372D7E /* League.swift */ = {isa = PBXFileReference; lastKnownFileType = sourcecode.swift; path = League.swift; sourceTree = "<group>"; };
		D416ACC32A73237500372D7E /* Team.swift */ = {isa = PBXFileReference; lastKnownFileType = sourcecode.swift; path = Team.swift; sourceTree = "<group>"; };
		D416ACC62A7324DA00372D7E /* AllLeaguesResponse.swift */ = {isa = PBXFileReference; lastKnownFileType = sourcecode.swift; path = AllLeaguesResponse.swift; sourceTree = "<group>"; };
		D416ACC92A7325E100372D7E /* LeagueSearchViewController.swift */ = {isa = PBXFileReference; lastKnownFileType = sourcecode.swift; path = LeagueSearchViewController.swift; sourceTree = "<group>"; };
		D416ACCA2A7325E100372D7E /* LeagueSearchViewController.xib */ = {isa = PBXFileReference; lastKnownFileType = file.xib; path = LeagueSearchViewController.xib; sourceTree = "<group>"; };
		D416ACCE2A73262100372D7E /* EnginedViewController.swift */ = {isa = PBXFileReference; lastKnownFileType = sourcecode.swift; path = EnginedViewController.swift; sourceTree = "<group>"; };
		D416ACD22A73272800372D7E /* LeagueSearchViewModel.swift */ = {isa = PBXFileReference; lastKnownFileType = sourcecode.swift; path = LeagueSearchViewModel.swift; sourceTree = "<group>"; };
		D416ACD52A732EC800372D7E /* LeagueViewController.swift */ = {isa = PBXFileReference; lastKnownFileType = sourcecode.swift; path = LeagueViewController.swift; sourceTree = "<group>"; };
		D416ACD62A732EC800372D7E /* LeagueViewController.xib */ = {isa = PBXFileReference; lastKnownFileType = file.xib; path = LeagueViewController.xib; sourceTree = "<group>"; };
		D416ACDA2A732F5000372D7E /* LeagueViewModel.swift */ = {isa = PBXFileReference; lastKnownFileType = sourcecode.swift; path = LeagueViewModel.swift; sourceTree = "<group>"; };
		D416ACDC2A73300F00372D7E /* TeamEndpoints.swift */ = {isa = PBXFileReference; lastKnownFileType = sourcecode.swift; path = TeamEndpoints.swift; sourceTree = "<group>"; };
		D416ACDE2A73308900372D7E /* TeamService.swift */ = {isa = PBXFileReference; lastKnownFileType = sourcecode.swift; path = TeamService.swift; sourceTree = "<group>"; };
		D416ACE02A7331F000372D7E /* TeamsResponse.swift */ = {isa = PBXFileReference; lastKnownFileType = sourcecode.swift; path = TeamsResponse.swift; sourceTree = "<group>"; };
		D416ACE32A7333E400372D7E /* TeamCollectionViewCell.swift */ = {isa = PBXFileReference; lastKnownFileType = sourcecode.swift; path = TeamCollectionViewCell.swift; sourceTree = "<group>"; };
		D416ACE42A7333E400372D7E /* TeamCollectionViewCell.xib */ = {isa = PBXFileReference; lastKnownFileType = file.xib; path = TeamCollectionViewCell.xib; sourceTree = "<group>"; };
		D416ACEB2A73FE2C00372D7E /* LoadingHUD.swift */ = {isa = PBXFileReference; lastKnownFileType = sourcecode.swift; path = LoadingHUD.swift; sourceTree = "<group>"; };
		D416ACEE2A73FE5700372D7E /* LoadingView.swift */ = {isa = PBXFileReference; lastKnownFileType = sourcecode.swift; path = LoadingView.swift; sourceTree = "<group>"; };
		D416ACF32A73FEA100372D7E /* With.swift */ = {isa = PBXFileReference; lastKnownFileType = sourcecode.swift; path = With.swift; sourceTree = "<group>"; };
		D416ACF52A73FEC600372D7E /* UIView+Extensions.swift */ = {isa = PBXFileReference; lastKnownFileType = sourcecode.swift; path = "UIView+Extensions.swift"; sourceTree = "<group>"; };
		D416ACF72A73FF0700372D7E /* StyleSheet.swift */ = {isa = PBXFileReference; lastKnownFileType = sourcecode.swift; path = StyleSheet.swift; sourceTree = "<group>"; };
		D416ACFA2A73FF9200372D7E /* Colors.swift */ = {isa = PBXFileReference; lastKnownFileType = sourcecode.swift; path = Colors.swift; sourceTree = "<group>"; };
		D416ACFE2A752A1C00372D7E /* LeagueServiceTests.swift */ = {isa = PBXFileReference; lastKnownFileType = sourcecode.swift; path = LeagueServiceTests.swift; sourceTree = "<group>"; };
		D416AD002A758E4500372D7E /* TeamServiceTests.swift */ = {isa = PBXFileReference; lastKnownFileType = sourcecode.swift; path = TeamServiceTests.swift; sourceTree = "<group>"; };
		D416AD042A75962000372D7E /* LeagueViewModelTests.swift */ = {isa = PBXFileReference; lastKnownFileType = sourcecode.swift; path = LeagueViewModelTests.swift; sourceTree = "<group>"; };
/* End PBXFileReference section */

/* Begin PBXFrameworksBuildPhase section */
		D416AC2A2A731BD100372D7E /* Frameworks */ = {
			isa = PBXFrameworksBuildPhase;
			buildActionMask = 2147483647;
			files = (
				D416ACF22A73FE6E00372D7E /* ActivityIndicatorView in Frameworks */,
				D416ACE92A73345200372D7E /* Kingfisher in Frameworks */,
			);
			runOnlyForDeploymentPostprocessing = 0;
		};
		D416AC402A731BD200372D7E /* Frameworks */ = {
			isa = PBXFrameworksBuildPhase;
			buildActionMask = 2147483647;
			files = (
			);
			runOnlyForDeploymentPostprocessing = 0;
		};
/* End PBXFrameworksBuildPhase section */

/* Begin PBXGroup section */
		D416AC242A731BD100372D7E = {
			isa = PBXGroup;
			children = (
				D416AC2F2A731BD100372D7E /* MyLeagues */,
				D416AC462A731BD200372D7E /* MyLeaguesTests */,
				D416AC2E2A731BD100372D7E /* Products */,
			);
			sourceTree = "<group>";
		};
		D416AC2E2A731BD100372D7E /* Products */ = {
			isa = PBXGroup;
			children = (
				D416AC2D2A731BD100372D7E /* MyLeagues.app */,
				D416AC432A731BD200372D7E /* MyLeaguesTests.xctest */,
			);
			name = Products;
			sourceTree = "<group>";
		};
		D416AC2F2A731BD100372D7E /* MyLeagues */ = {
			isa = PBXGroup;
			children = (
				D416AC602A731C1800372D7E /* Application */,
				D416AC642A731F6B00372D7E /* Core */,
				D416ACD02A73270E00372D7E /* ViewModels */,
				D416AC612A731C2E00372D7E /* ViewControllers */,
				D416AC622A731C3C00372D7E /* Views */,
				D416AC632A731C5000372D7E /* Resources */,
				D416AC3E2A731BD200372D7E /* Info.plist */,
			);
			path = MyLeagues;
			sourceTree = "<group>";
		};
		D416AC462A731BD200372D7E /* MyLeaguesTests */ = {
			isa = PBXGroup;
			children = (
				D416ACFE2A752A1C00372D7E /* LeagueServiceTests.swift */,
				D416AD002A758E4500372D7E /* TeamServiceTests.swift */,
				D416AD042A75962000372D7E /* LeagueViewModelTests.swift */,
			);
			path = MyLeaguesTests;
			sourceTree = "<group>";
		};
		D416AC602A731C1800372D7E /* Application */ = {
			isa = PBXGroup;
			children = (
				D416AC302A731BD100372D7E /* AppDelegate.swift */,
				D416AC3B2A731BD200372D7E /* LaunchScreen.storyboard */,
			);
			path = Application;
			sourceTree = "<group>";
		};
		D416AC612A731C2E00372D7E /* ViewControllers */ = {
			isa = PBXGroup;
			children = (
				D416ACCD2A73261700372D7E /* Common */,
				D416ACC82A7325A900372D7E /* Search */,
				D416ACD42A732EA100372D7E /* League */,
			);
			path = ViewControllers;
			sourceTree = "<group>";
		};
		D416AC622A731C3C00372D7E /* Views */ = {
			isa = PBXGroup;
			children = (
				D416ACEA2A73FE2100372D7E /* Common */,
				D416ACE22A7333D700372D7E /* Team */,
			);
			path = Views;
			sourceTree = "<group>";
		};
		D416AC632A731C5000372D7E /* Resources */ = {
			isa = PBXGroup;
			children = (
				D416AC392A731BD200372D7E /* Assets.xcassets */,
			);
			path = Resources;
			sourceTree = "<group>";
		};
		D416AC642A731F6B00372D7E /* Core */ = {
			isa = PBXGroup;
			children = (
				D416AC7F2A73213900372D7E /* Capabilities */,
				D416AC8B2A73214400372D7E /* Core */,
				D416AC9E2A73214400372D7E /* Models */,
				D416AC9B2A73214400372D7E /* Services */,
				D416AC8E2A73214400372D7E /* Utils */,
			);
			path = Core;
			sourceTree = "<group>";
		};
		D416AC7F2A73213900372D7E /* Capabilities */ = {
			isa = PBXGroup;
			children = (
				D416AC802A73213900372D7E /* NetworkClient.swift */,
				D416AC812A73213900372D7E /* Storage */,
				D416AC852A73213900372D7E /* Endpoint.swift */,
			);
			path = Capabilities;
			sourceTree = "<group>";
		};
		D416AC812A73213900372D7E /* Storage */ = {
			isa = PBXGroup;
			children = (
				D416AC822A73213900372D7E /* AsyncCacheHandling.swift */,
				D416AC832A73213900372D7E /* ExpirableFileDataStore.swift */,
				D416AC842A73213900372D7E /* FileDataStore.swift */,
			);
			path = Storage;
			sourceTree = "<group>";
		};
		D416AC8B2A73214400372D7E /* Core */ = {
			isa = PBXGroup;
			children = (
				D416AC8C2A73214400372D7E /* Engine.swift */,
				D416AC8D2A73214400372D7E /* EngineConfiguration.swift */,
			);
			path = Core;
			sourceTree = "<group>";
		};
		D416AC8E2A73214400372D7E /* Utils */ = {
			isa = PBXGroup;
			children = (
				D416AC912A73214400372D7E /* Extensions */,
				D416AC902A73214400372D7E /* Logger.swift */,
				D416AC9A2A73214400372D7E /* Debouncer.swift */,
				D416ACF32A73FEA100372D7E /* With.swift */,
				D416ACF72A73FF0700372D7E /* StyleSheet.swift */,
				D416ACFA2A73FF9200372D7E /* Colors.swift */,
			);
			path = Utils;
			sourceTree = "<group>";
		};
		D416AC912A73214400372D7E /* Extensions */ = {
			isa = PBXGroup;
			children = (
				D416AC922A73214400372D7E /* URLRequest+Extensions.swift */,
				D416AC932A73214400372D7E /* JSONDecoder+Extensions.swift */,
				D416AC942A73214400372D7E /* Formatters+Extensions.swift */,
				D416AC952A73214400372D7E /* TimeInterval+Extensions.swift */,
				D416AC982A73214400372D7E /* Data+Extensions.swift */,
				D416ACF52A73FEC600372D7E /* UIView+Extensions.swift */,
			);
			path = Extensions;
			sourceTree = "<group>";
		};
		D416AC9B2A73214400372D7E /* Services */ = {
			isa = PBXGroup;
			children = (
				D416AC9D2A73214400372D7E /* LeagueService.swift */,
				D416ACDE2A73308900372D7E /* TeamService.swift */,
			);
			path = Services;
			sourceTree = "<group>";
		};
		D416AC9E2A73214400372D7E /* Models */ = {
			isa = PBXGroup;
			children = (
				D416AC9F2A73214400372D7E /* Network */,
				D416ACC12A73233D00372D7E /* League.swift */,
				D416ACC32A73237500372D7E /* Team.swift */,
			);
			path = Models;
			sourceTree = "<group>";
		};
		D416AC9F2A73214400372D7E /* Network */ = {
			isa = PBXGroup;
			children = (
				D416ACA22A73214400372D7E /* Error */,
				D416ACC52A7324BF00372D7E /* Response */,
				D416ACA02A73214400372D7E /* LeagueEndpoints.swift */,
				D416ACDC2A73300F00372D7E /* TeamEndpoints.swift */,
			);
			path = Network;
			sourceTree = "<group>";
		};
		D416ACA22A73214400372D7E /* Error */ = {
			isa = PBXGroup;
			children = (
				D416ACA32A73214400372D7E /* APIError.swift */,
			);
			path = Error;
			sourceTree = "<group>";
		};
		D416ACC52A7324BF00372D7E /* Response */ = {
			isa = PBXGroup;
			children = (
				D416ACC62A7324DA00372D7E /* AllLeaguesResponse.swift */,
				D416ACE02A7331F000372D7E /* TeamsResponse.swift */,
			);
			path = Response;
			sourceTree = "<group>";
		};
		D416ACC82A7325A900372D7E /* Search */ = {
			isa = PBXGroup;
			children = (
				D416ACC92A7325E100372D7E /* LeagueSearchViewController.swift */,
				D416ACCA2A7325E100372D7E /* LeagueSearchViewController.xib */,
			);
			path = Search;
			sourceTree = "<group>";
		};
		D416ACCD2A73261700372D7E /* Common */ = {
			isa = PBXGroup;
			children = (
				D416ACCE2A73262100372D7E /* EnginedViewController.swift */,
			);
			path = Common;
			sourceTree = "<group>";
		};
		D416ACD02A73270E00372D7E /* ViewModels */ = {
			isa = PBXGroup;
			children = (
				D416ACD12A73271700372D7E /* Search */,
				D416ACD92A732F3B00372D7E /* League */,
			);
			path = ViewModels;
			sourceTree = "<group>";
		};
		D416ACD12A73271700372D7E /* Search */ = {
			isa = PBXGroup;
			children = (
				D416ACD22A73272800372D7E /* LeagueSearchViewModel.swift */,
			);
			path = Search;
			sourceTree = "<group>";
		};
		D416ACD42A732EA100372D7E /* League */ = {
			isa = PBXGroup;
			children = (
				D416ACD52A732EC800372D7E /* LeagueViewController.swift */,
				D416ACD62A732EC800372D7E /* LeagueViewController.xib */,
			);
			path = League;
			sourceTree = "<group>";
		};
		D416ACD92A732F3B00372D7E /* League */ = {
			isa = PBXGroup;
			children = (
				D416ACDA2A732F5000372D7E /* LeagueViewModel.swift */,
			);
			path = League;
			sourceTree = "<group>";
		};
		D416ACE22A7333D700372D7E /* Team */ = {
			isa = PBXGroup;
			children = (
				D416ACE32A7333E400372D7E /* TeamCollectionViewCell.swift */,
				D416ACE42A7333E400372D7E /* TeamCollectionViewCell.xib */,
			);
			path = Team;
			sourceTree = "<group>";
		};
		D416ACEA2A73FE2100372D7E /* Common */ = {
			isa = PBXGroup;
			children = (
				D416ACED2A73FE4E00372D7E /* Loading */,
			);
			path = Common;
			sourceTree = "<group>";
		};
		D416ACED2A73FE4E00372D7E /* Loading */ = {
			isa = PBXGroup;
			children = (
				D416ACEB2A73FE2C00372D7E /* LoadingHUD.swift */,
				D416ACEE2A73FE5700372D7E /* LoadingView.swift */,
			);
			path = Loading;
			sourceTree = "<group>";
		};
/* End PBXGroup section */

/* Begin PBXNativeTarget section */
		D416AC2C2A731BD100372D7E /* MyLeagues */ = {
			isa = PBXNativeTarget;
			buildConfigurationList = D416AC572A731BD200372D7E /* Build configuration list for PBXNativeTarget "MyLeagues" */;
			buildPhases = (
				D416AC292A731BD100372D7E /* Sources */,
				D416AC2A2A731BD100372D7E /* Frameworks */,
				D416AC2B2A731BD100372D7E /* Resources */,
			);
			buildRules = (
			);
			dependencies = (
			);
			name = MyLeagues;
			packageProductDependencies = (
				D416ACE82A73345200372D7E /* Kingfisher */,
				D416ACF12A73FE6E00372D7E /* ActivityIndicatorView */,
			);
			productName = MyLeagues;
			productReference = D416AC2D2A731BD100372D7E /* MyLeagues.app */;
			productType = "com.apple.product-type.application";
		};
		D416AC422A731BD200372D7E /* MyLeaguesTests */ = {
			isa = PBXNativeTarget;
			buildConfigurationList = D416AC5A2A731BD200372D7E /* Build configuration list for PBXNativeTarget "MyLeaguesTests" */;
			buildPhases = (
				D416AC3F2A731BD200372D7E /* Sources */,
				D416AC402A731BD200372D7E /* Frameworks */,
				D416AC412A731BD200372D7E /* Resources */,
			);
			buildRules = (
			);
			dependencies = (
				D416AC452A731BD200372D7E /* PBXTargetDependency */,
			);
			name = MyLeaguesTests;
			productName = MyLeaguesTests;
			productReference = D416AC432A731BD200372D7E /* MyLeaguesTests.xctest */;
			productType = "com.apple.product-type.bundle.unit-test";
		};
/* End PBXNativeTarget section */

/* Begin PBXProject section */
		D416AC252A731BD100372D7E /* Project object */ = {
			isa = PBXProject;
			attributes = {
				BuildIndependentTargetsInParallel = 1;
				LastSwiftUpdateCheck = 1430;
				LastUpgradeCheck = 1430;
				TargetAttributes = {
					D416AC2C2A731BD100372D7E = {
						CreatedOnToolsVersion = 14.3;
					};
					D416AC422A731BD200372D7E = {
						CreatedOnToolsVersion = 14.3;
						TestTargetID = D416AC2C2A731BD100372D7E;
					};
				};
			};
			buildConfigurationList = D416AC282A731BD100372D7E /* Build configuration list for PBXProject "MyLeagues" */;
			compatibilityVersion = "Xcode 14.0";
			developmentRegion = en;
			hasScannedForEncodings = 0;
			knownRegions = (
				en,
				Base,
			);
			mainGroup = D416AC242A731BD100372D7E;
			packageReferences = (
				D416ACE72A73345200372D7E /* XCRemoteSwiftPackageReference "Kingfisher" */,
				D416ACF02A73FE6E00372D7E /* XCRemoteSwiftPackageReference "ActivityIndicatorView" */,
			);
			productRefGroup = D416AC2E2A731BD100372D7E /* Products */;
			projectDirPath = "";
			projectRoot = "";
			targets = (
				D416AC2C2A731BD100372D7E /* MyLeagues */,
				D416AC422A731BD200372D7E /* MyLeaguesTests */,
			);
		};
/* End PBXProject section */

/* Begin PBXResourcesBuildPhase section */
		D416AC2B2A731BD100372D7E /* Resources */ = {
			isa = PBXResourcesBuildPhase;
			buildActionMask = 2147483647;
			files = (
				D416ACCC2A7325E100372D7E /* LeagueSearchViewController.xib in Resources */,
				D416AC3D2A731BD200372D7E /* LaunchScreen.storyboard in Resources */,
				D416AC3A2A731BD200372D7E /* Assets.xcassets in Resources */,
				D416ACE62A7333E400372D7E /* TeamCollectionViewCell.xib in Resources */,
				D416ACD82A732EC800372D7E /* LeagueViewController.xib in Resources */,
			);
			runOnlyForDeploymentPostprocessing = 0;
		};
		D416AC412A731BD200372D7E /* Resources */ = {
			isa = PBXResourcesBuildPhase;
			buildActionMask = 2147483647;
			files = (
			);
			runOnlyForDeploymentPostprocessing = 0;
		};
/* End PBXResourcesBuildPhase section */

/* Begin PBXSourcesBuildPhase section */
		D416AC292A731BD100372D7E /* Sources */ = {
			isa = PBXSourcesBuildPhase;
			buildActionMask = 2147483647;
			files = (
				D416ACB02A73214400372D7E /* Formatters+Extensions.swift in Sources */,
				D416ACB92A73214400372D7E /* LeagueEndpoints.swift in Sources */,
				D416ACF42A73FEA100372D7E /* With.swift in Sources */,
				D416ACC42A73237500372D7E /* Team.swift in Sources */,
				D416AC8A2A73213A00372D7E /* Endpoint.swift in Sources */,
				D416ACFB2A73FF9200372D7E /* Colors.swift in Sources */,
				D416ACAD2A73214400372D7E /* Logger.swift in Sources */,
				D416ACB42A73214400372D7E /* Data+Extensions.swift in Sources */,
				D416AC312A731BD100372D7E /* AppDelegate.swift in Sources */,
				D416ACDB2A732F5000372D7E /* LeagueViewModel.swift in Sources */,
				D416ACDD2A73300F00372D7E /* TeamEndpoints.swift in Sources */,
				D416AC872A73213A00372D7E /* AsyncCacheHandling.swift in Sources */,
				D416ACC72A7324DA00372D7E /* AllLeaguesResponse.swift in Sources */,
				D416ACF62A73FEC600372D7E /* UIView+Extensions.swift in Sources */,
				D416ACB82A73214400372D7E /* LeagueService.swift in Sources */,
				D416ACD32A73272800372D7E /* LeagueSearchViewModel.swift in Sources */,
				D416ACEC2A73FE2C00372D7E /* LoadingHUD.swift in Sources */,
				D416ACD72A732EC800372D7E /* LeagueViewController.swift in Sources */,
				D416AC892A73213A00372D7E /* FileDataStore.swift in Sources */,
				D416ACEF2A73FE5700372D7E /* LoadingView.swift in Sources */,
				D416ACE52A7333E400372D7E /* TeamCollectionViewCell.swift in Sources */,
				D416ACB12A73214400372D7E /* TimeInterval+Extensions.swift in Sources */,
				D416ACCF2A73262100372D7E /* EnginedViewController.swift in Sources */,
				D416ACAA2A73214400372D7E /* Engine.swift in Sources */,
				D416ACF82A73FF0700372D7E /* StyleSheet.swift in Sources */,
				D416ACB62A73214400372D7E /* Debouncer.swift in Sources */,
				D416ACC22A73233D00372D7E /* League.swift in Sources */,
				D416ACE12A7331F000372D7E /* TeamsResponse.swift in Sources */,
				D416AC882A73213A00372D7E /* ExpirableFileDataStore.swift in Sources */,
				D416ACAE2A73214400372D7E /* URLRequest+Extensions.swift in Sources */,
				D416AC862A73213A00372D7E /* NetworkClient.swift in Sources */,
				D416ACDF2A73308900372D7E /* TeamService.swift in Sources */,
				D416ACAF2A73214400372D7E /* JSONDecoder+Extensions.swift in Sources */,
				D416ACBB2A73214400372D7E /* APIError.swift in Sources */,
				D416ACAB2A73214400372D7E /* EngineConfiguration.swift in Sources */,
				D416ACCB2A7325E100372D7E /* LeagueSearchViewController.swift in Sources */,
			);
			runOnlyForDeploymentPostprocessing = 0;
		};
		D416AC3F2A731BD200372D7E /* Sources */ = {
			isa = PBXSourcesBuildPhase;
			buildActionMask = 2147483647;
			files = (
				D416ACFF2A752A1C00372D7E /* LeagueServiceTests.swift in Sources */,
				D416AD012A758E4500372D7E /* TeamServiceTests.swift in Sources */,
				D416AD052A75962000372D7E /* LeagueViewModelTests.swift in Sources */,
			);
			runOnlyForDeploymentPostprocessing = 0;
		};
/* End PBXSourcesBuildPhase section */

/* Begin PBXTargetDependency section */
		D416AC452A731BD200372D7E /* PBXTargetDependency */ = {
			isa = PBXTargetDependency;
			target = D416AC2C2A731BD100372D7E /* MyLeagues */;
			targetProxy = D416AC442A731BD200372D7E /* PBXContainerItemProxy */;
		};
/* End PBXTargetDependency section */

/* Begin PBXVariantGroup section */
		D416AC3B2A731BD200372D7E /* LaunchScreen.storyboard */ = {
			isa = PBXVariantGroup;
			children = (
				D416AC3C2A731BD200372D7E /* Base */,
			);
			name = LaunchScreen.storyboard;
			sourceTree = "<group>";
		};
/* End PBXVariantGroup section */

/* Begin XCBuildConfiguration section */
		D416AC552A731BD200372D7E /* Debug */ = {
			isa = XCBuildConfiguration;
			buildSettings = {
				ALWAYS_SEARCH_USER_PATHS = NO;
				CLANG_ANALYZER_NONNULL = YES;
				CLANG_ANALYZER_NUMBER_OBJECT_CONVERSION = YES_AGGRESSIVE;
				CLANG_CXX_LANGUAGE_STANDARD = "gnu++20";
				CLANG_ENABLE_MODULES = YES;
				CLANG_ENABLE_OBJC_ARC = YES;
				CLANG_ENABLE_OBJC_WEAK = YES;
				CLANG_WARN_BLOCK_CAPTURE_AUTORELEASING = YES;
				CLANG_WARN_BOOL_CONVERSION = YES;
				CLANG_WARN_COMMA = YES;
				CLANG_WARN_CONSTANT_CONVERSION = YES;
				CLANG_WARN_DEPRECATED_OBJC_IMPLEMENTATIONS = YES;
				CLANG_WARN_DIRECT_OBJC_ISA_USAGE = YES_ERROR;
				CLANG_WARN_DOCUMENTATION_COMMENTS = YES;
				CLANG_WARN_EMPTY_BODY = YES;
				CLANG_WARN_ENUM_CONVERSION = YES;
				CLANG_WARN_INFINITE_RECURSION = YES;
				CLANG_WARN_INT_CONVERSION = YES;
				CLANG_WARN_NON_LITERAL_NULL_CONVERSION = YES;
				CLANG_WARN_OBJC_IMPLICIT_RETAIN_SELF = YES;
				CLANG_WARN_OBJC_LITERAL_CONVERSION = YES;
				CLANG_WARN_OBJC_ROOT_CLASS = YES_ERROR;
				CLANG_WARN_QUOTED_INCLUDE_IN_FRAMEWORK_HEADER = YES;
				CLANG_WARN_RANGE_LOOP_ANALYSIS = YES;
				CLANG_WARN_STRICT_PROTOTYPES = YES;
				CLANG_WARN_SUSPICIOUS_MOVE = YES;
				CLANG_WARN_UNGUARDED_AVAILABILITY = YES_AGGRESSIVE;
				CLANG_WARN_UNREACHABLE_CODE = YES;
				CLANG_WARN__DUPLICATE_METHOD_MATCH = YES;
				COPY_PHASE_STRIP = NO;
				DEBUG_INFORMATION_FORMAT = dwarf;
				ENABLE_STRICT_OBJC_MSGSEND = YES;
				ENABLE_TESTABILITY = YES;
				GCC_C_LANGUAGE_STANDARD = gnu11;
				GCC_DYNAMIC_NO_PIC = NO;
				GCC_NO_COMMON_BLOCKS = YES;
				GCC_OPTIMIZATION_LEVEL = 0;
				GCC_PREPROCESSOR_DEFINITIONS = (
					"DEBUG=1",
					"$(inherited)",
				);
				GCC_WARN_64_TO_32_BIT_CONVERSION = YES;
				GCC_WARN_ABOUT_RETURN_TYPE = YES_ERROR;
				GCC_WARN_UNDECLARED_SELECTOR = YES;
				GCC_WARN_UNINITIALIZED_AUTOS = YES_AGGRESSIVE;
				GCC_WARN_UNUSED_FUNCTION = YES;
				GCC_WARN_UNUSED_VARIABLE = YES;
				IPHONEOS_DEPLOYMENT_TARGET = 16.4;
				MTL_ENABLE_DEBUG_INFO = INCLUDE_SOURCE;
				MTL_FAST_MATH = YES;
				ONLY_ACTIVE_ARCH = YES;
				SDKROOT = iphoneos;
				SWIFT_ACTIVE_COMPILATION_CONDITIONS = DEBUG;
				SWIFT_OPTIMIZATION_LEVEL = "-Onone";
			};
			name = Debug;
		};
		D416AC562A731BD200372D7E /* Release */ = {
			isa = XCBuildConfiguration;
			buildSettings = {
				ALWAYS_SEARCH_USER_PATHS = NO;
				CLANG_ANALYZER_NONNULL = YES;
				CLANG_ANALYZER_NUMBER_OBJECT_CONVERSION = YES_AGGRESSIVE;
				CLANG_CXX_LANGUAGE_STANDARD = "gnu++20";
				CLANG_ENABLE_MODULES = YES;
				CLANG_ENABLE_OBJC_ARC = YES;
				CLANG_ENABLE_OBJC_WEAK = YES;
				CLANG_WARN_BLOCK_CAPTURE_AUTORELEASING = YES;
				CLANG_WARN_BOOL_CONVERSION = YES;
				CLANG_WARN_COMMA = YES;
				CLANG_WARN_CONSTANT_CONVERSION = YES;
				CLANG_WARN_DEPRECATED_OBJC_IMPLEMENTATIONS = YES;
				CLANG_WARN_DIRECT_OBJC_ISA_USAGE = YES_ERROR;
				CLANG_WARN_DOCUMENTATION_COMMENTS = YES;
				CLANG_WARN_EMPTY_BODY = YES;
				CLANG_WARN_ENUM_CONVERSION = YES;
				CLANG_WARN_INFINITE_RECURSION = YES;
				CLANG_WARN_INT_CONVERSION = YES;
				CLANG_WARN_NON_LITERAL_NULL_CONVERSION = YES;
				CLANG_WARN_OBJC_IMPLICIT_RETAIN_SELF = YES;
				CLANG_WARN_OBJC_LITERAL_CONVERSION = YES;
				CLANG_WARN_OBJC_ROOT_CLASS = YES_ERROR;
				CLANG_WARN_QUOTED_INCLUDE_IN_FRAMEWORK_HEADER = YES;
				CLANG_WARN_RANGE_LOOP_ANALYSIS = YES;
				CLANG_WARN_STRICT_PROTOTYPES = YES;
				CLANG_WARN_SUSPICIOUS_MOVE = YES;
				CLANG_WARN_UNGUARDED_AVAILABILITY = YES_AGGRESSIVE;
				CLANG_WARN_UNREACHABLE_CODE = YES;
				CLANG_WARN__DUPLICATE_METHOD_MATCH = YES;
				COPY_PHASE_STRIP = NO;
				DEBUG_INFORMATION_FORMAT = "dwarf-with-dsym";
				ENABLE_NS_ASSERTIONS = NO;
				ENABLE_STRICT_OBJC_MSGSEND = YES;
				GCC_C_LANGUAGE_STANDARD = gnu11;
				GCC_NO_COMMON_BLOCKS = YES;
				GCC_WARN_64_TO_32_BIT_CONVERSION = YES;
				GCC_WARN_ABOUT_RETURN_TYPE = YES_ERROR;
				GCC_WARN_UNDECLARED_SELECTOR = YES;
				GCC_WARN_UNINITIALIZED_AUTOS = YES_AGGRESSIVE;
				GCC_WARN_UNUSED_FUNCTION = YES;
				GCC_WARN_UNUSED_VARIABLE = YES;
				IPHONEOS_DEPLOYMENT_TARGET = 16.4;
				MTL_ENABLE_DEBUG_INFO = NO;
				MTL_FAST_MATH = YES;
				SDKROOT = iphoneos;
				SWIFT_COMPILATION_MODE = wholemodule;
				SWIFT_OPTIMIZATION_LEVEL = "-O";
				VALIDATE_PRODUCT = YES;
			};
			name = Release;
		};
		D416AC582A731BD200372D7E /* Debug */ = {
			isa = XCBuildConfiguration;
			buildSettings = {
				ASSETCATALOG_COMPILER_APPICON_NAME = AppIcon;
				ASSETCATALOG_COMPILER_GLOBAL_ACCENT_COLOR_NAME = AccentColor;
				CODE_SIGN_STYLE = Automatic;
				CURRENT_PROJECT_VERSION = 1;
				DEVELOPMENT_TEAM = A4W8YB84DU;
				GENERATE_INFOPLIST_FILE = YES;
				INFOPLIST_FILE = MyLeagues/Info.plist;
				INFOPLIST_KEY_UIApplicationSupportsIndirectInputEvents = YES;
				INFOPLIST_KEY_UILaunchStoryboardName = LaunchScreen;
				INFOPLIST_KEY_UISupportedInterfaceOrientations = UIInterfaceOrientationPortrait;
				LD_RUNPATH_SEARCH_PATHS = (
					"$(inherited)",
					"@executable_path/Frameworks",
				);
				MARKETING_VERSION = 1.0;
				PRODUCT_BUNDLE_IDENTIFIER = com.gaudinet.MyLeagues;
				PRODUCT_NAME = "$(TARGET_NAME)";
				SWIFT_EMIT_LOC_STRINGS = YES;
				SWIFT_VERSION = 5.0;
				TARGETED_DEVICE_FAMILY = "1,2";
			};
			name = Debug;
		};
		D416AC592A731BD200372D7E /* Release */ = {
			isa = XCBuildConfiguration;
			buildSettings = {
				ASSETCATALOG_COMPILER_APPICON_NAME = AppIcon;
				ASSETCATALOG_COMPILER_GLOBAL_ACCENT_COLOR_NAME = AccentColor;
				CODE_SIGN_STYLE = Automatic;
				CURRENT_PROJECT_VERSION = 1;
				DEVELOPMENT_TEAM = A4W8YB84DU;
				GENERATE_INFOPLIST_FILE = YES;
				INFOPLIST_FILE = MyLeagues/Info.plist;
				INFOPLIST_KEY_UIApplicationSupportsIndirectInputEvents = YES;
				INFOPLIST_KEY_UILaunchStoryboardName = LaunchScreen;
				INFOPLIST_KEY_UISupportedInterfaceOrientations = UIInterfaceOrientationPortrait;
				LD_RUNPATH_SEARCH_PATHS = (
					"$(inherited)",
					"@executable_path/Frameworks",
				);
				MARKETING_VERSION = 1.0;
				PRODUCT_BUNDLE_IDENTIFIER = com.gaudinet.MyLeagues;
				PRODUCT_NAME = "$(TARGET_NAME)";
				SWIFT_EMIT_LOC_STRINGS = YES;
				SWIFT_VERSION = 5.0;
				TARGETED_DEVICE_FAMILY = "1,2";
			};
			name = Release;
		};
		D416AC5B2A731BD200372D7E /* Debug */ = {
			isa = XCBuildConfiguration;
			buildSettings = {
				ALWAYS_EMBED_SWIFT_STANDARD_LIBRARIES = YES;
				BUNDLE_LOADER = "$(TEST_HOST)";
				CODE_SIGN_STYLE = Automatic;
				CURRENT_PROJECT_VERSION = 1;
				DEVELOPMENT_TEAM = A4W8YB84DU;
				GENERATE_INFOPLIST_FILE = YES;
				IPHONEOS_DEPLOYMENT_TARGET = 16.4;
				MARKETING_VERSION = 1.0;
				PRODUCT_BUNDLE_IDENTIFIER = com.gaudinet.MyLeaguesTests;
				PRODUCT_NAME = "$(TARGET_NAME)";
				SWIFT_EMIT_LOC_STRINGS = NO;
				SWIFT_VERSION = 5.0;
				TARGETED_DEVICE_FAMILY = "1,2";
				TEST_HOST = "$(BUILT_PRODUCTS_DIR)/MyLeagues.app/$(BUNDLE_EXECUTABLE_FOLDER_PATH)/MyLeagues";
			};
			name = Debug;
		};
		D416AC5C2A731BD200372D7E /* Release */ = {
			isa = XCBuildConfiguration;
			buildSettings = {
				ALWAYS_EMBED_SWIFT_STANDARD_LIBRARIES = YES;
				BUNDLE_LOADER = "$(TEST_HOST)";
				CODE_SIGN_STYLE = Automatic;
				CURRENT_PROJECT_VERSION = 1;
				DEVELOPMENT_TEAM = A4W8YB84DU;
				GENERATE_INFOPLIST_FILE = YES;
				IPHONEOS_DEPLOYMENT_TARGET = 16.4;
				MARKETING_VERSION = 1.0;
				PRODUCT_BUNDLE_IDENTIFIER = com.gaudinet.MyLeaguesTests;
				PRODUCT_NAME = "$(TARGET_NAME)";
				SWIFT_EMIT_LOC_STRINGS = NO;
				SWIFT_VERSION = 5.0;
				TARGETED_DEVICE_FAMILY = "1,2";
				TEST_HOST = "$(BUILT_PRODUCTS_DIR)/MyLeagues.app/$(BUNDLE_EXECUTABLE_FOLDER_PATH)/MyLeagues";
			};
			name = Release;
		};
/* End XCBuildConfiguration section */

/* Begin XCConfigurationList section */
		D416AC282A731BD100372D7E /* Build configuration list for PBXProject "MyLeagues" */ = {
			isa = XCConfigurationList;
			buildConfigurations = (
				D416AC552A731BD200372D7E /* Debug */,
				D416AC562A731BD200372D7E /* Release */,
			);
			defaultConfigurationIsVisible = 0;
			defaultConfigurationName = Release;
		};
		D416AC572A731BD200372D7E /* Build configuration list for PBXNativeTarget "MyLeagues" */ = {
			isa = XCConfigurationList;
			buildConfigurations = (
				D416AC582A731BD200372D7E /* Debug */,
				D416AC592A731BD200372D7E /* Release */,
			);
			defaultConfigurationIsVisible = 0;
			defaultConfigurationName = Release;
		};
		D416AC5A2A731BD200372D7E /* Build configuration list for PBXNativeTarget "MyLeaguesTests" */ = {
			isa = XCConfigurationList;
			buildConfigurations = (
				D416AC5B2A731BD200372D7E /* Debug */,
				D416AC5C2A731BD200372D7E /* Release */,
			);
			defaultConfigurationIsVisible = 0;
			defaultConfigurationName = Release;
		};
/* End XCConfigurationList section */

/* Begin XCRemoteSwiftPackageReference section */
		D416ACE72A73345200372D7E /* XCRemoteSwiftPackageReference "Kingfisher" */ = {
			isa = XCRemoteSwiftPackageReference;
			repositoryURL = "https://github.com/onevcat/Kingfisher";
			requirement = {
				kind = upToNextMajorVersion;
				minimumVersion = 7.0.0;
			};
		};
		D416ACF02A73FE6E00372D7E /* XCRemoteSwiftPackageReference "ActivityIndicatorView" */ = {
			isa = XCRemoteSwiftPackageReference;
			repositoryURL = "https://github.com/exyte/ActivityIndicatorView";
			requirement = {
				kind = upToNextMajorVersion;
				minimumVersion = 1.0.0;
			};
		};
/* End XCRemoteSwiftPackageReference section */

/* Begin XCSwiftPackageProductDependency section */
		D416ACE82A73345200372D7E /* Kingfisher */ = {
			isa = XCSwiftPackageProductDependency;
			package = D416ACE72A73345200372D7E /* XCRemoteSwiftPackageReference "Kingfisher" */;
			productName = Kingfisher;
		};
		D416ACF12A73FE6E00372D7E /* ActivityIndicatorView */ = {
			isa = XCSwiftPackageProductDependency;
			package = D416ACF02A73FE6E00372D7E /* XCRemoteSwiftPackageReference "ActivityIndicatorView" */;
			productName = ActivityIndicatorView;
		};
/* End XCSwiftPackageProductDependency section */
	};
	rootObject = D416AC252A731BD100372D7E /* Project object */;
}
